{
    "_readme": [
        "This file locks the dependencies of your project to a known state",
        "Read more about it at https://getcomposer.org/doc/01-basic-usage.md#installing-dependencies",
        "This file is @generated automatically"
    ],
    "content-hash": "33622f36582994f9a8547ea36e56f745",
    "packages": [
        {
            "name": "php-alchemist/core-files",
            "version": "dev-master",
            "source": {
                "type": "git",
                "url": "https://github.com/PHP-Alchemist/coreFiles.git",
                "reference": "7a7b00cc781028dd27a9b3061f911ad3202e6641"
            },
            "dist": {
                "type": "zip",
                "url": "https://api.github.com/repos/PHP-Alchemist/coreFiles/zipball/7a7b00cc781028dd27a9b3061f911ad3202e6641",
                "reference": "7a7b00cc781028dd27a9b3061f911ad3202e6641",
                "shasum": ""
            },
            "require": {
                "php": ">=8.0"
            },
            "require-dev": {
                "phpunit/phpunit": ">=9.5"
            },
            "default-branch": true,
            "type": "library",
            "autoload": {
                "psr-4": {
                    "PHPAlchemist\\": "src"
                }
            },
            "notification-url": "https://packagist.org/downloads/",
            "license": [
                "MIT"
            ],
            "authors": [
                {
                    "name": "Micah Breedlove",
                    "email": "druid628@gmail.com"
                }
            ],
            "description": "Collection of classes adding functionality to the language",
            "support": {
                "issues": "https://github.com/PHP-Alchemist/coreFiles/issues",
                "source": "https://github.com/PHP-Alchemist/coreFiles/tree/master"
            },
            "time": "2022-10-19T14:45:08+00:00"
        }
    ],
    "packages-dev": [],
    "aliases": [],
    "minimum-stability": "dev",
    "stability-flags": {
        "php-alchemist/core-files": 20
    },
    "prefer-stable": true,
    "prefer-lowest": false,
    "platform": {
        "php": ">=8.2"
    },
    "platform-dev": [],
    "plugin-api-version": "2.6.0"
}
